
Microsoft Visual Studio Solution File, Format Version 12.00
# Visual Studio Version 16
VisualStudioVersion = 16.0.31424.327
MinimumVisualStudioVersion = 10.0.40219.1
Project("{FAE04EC0-301F-11D3-BF4B-00C04F79EFBC}") = "Yggdrasil", "Yggdrasil\Yggdrasil.csproj", "{AF7D32D5-F8A5-4ED1-BFD9-23B12C8FFE72}"
EndProject
Global
	GlobalSection(SolutionConfigurationPlatforms) = preSolution
		Debug|Any CPU = Debug|Any CPU
		Release|Any CPU = Release|Any CPU
	EndGlobalSection
	GlobalSection(ProjectConfigurationPlatforms) = postSolution
		{AF7D32D5-F8A5-4ED1-BFD9-23B12C8FFE72}.Debug|Any CPU.ActiveCfg = Debug|Any CPU
		{AF7D32D5-F8A5-4ED1-BFD9-23B12C8FFE72}.Debug|Any CPU.Build.0 = Debug|Any CPU
		{AF7D32D5-F8A5-4ED1-BFD9-23B12C8FFE72}.Release|Any CPU.ActiveCfg = Release|Any CPU
		{AF7D32D5-F8A5-4ED1-BFD9-23B12C8FFE72}.Release|Any CPU.Build.0 = Release|Any CPU
	EndGlobalSection
	GlobalSection(SolutionProperties) = preSolution
		HideSolutionNode = FALSE
	EndGlobalSection
	GlobalSection(ExtensibilityGlobals) = postSolution
		SolutionGuid = {45C1DF0F-C8D0-4581-8658-E19D06BC5F09}
	EndGlobalSection
EndGlobal
